schema: '2.0'
stages:
  data_ingestion_stage:
    cmd: python Insurance/pipeline/training_pipeline/01_data_ingestion.py
    deps:
    - path: Insurance/components/data_ingestion.py
      hash: md5
      md5: e2b0a76fb8ee5dc4a84a02c98fbb63cc
      size: 4586
    - path: Insurance/entity/artifact_entity.py
      hash: md5
      md5: 6b8db92320d2769239703cc1d6ef3286
      size: 746
    - path: Insurance/entity/config_entity.py
      hash: md5
      md5: 01ddb6cad040b85e1d2ae0637e074432
      size: 6144
    - path: Insurance/pipeline/training_pipeline/01_data_ingestion.py
      hash: md5
      md5: c913a6376943be00960bd1d5c22bf691
      size: 977
    - path: config/config.yaml
      hash: md5
      md5: e2dc5b8826787095a09d3355112e0fac
      size: 1122
    outs:
    - path: artifact/data_ingestion/
      hash: md5
      md5: 5b662911236b7d0416e104073bb0f4f5.dir
      size: 334256
      nfiles: 4
  data_validation_stage:
    cmd: python Insurance/pipeline/training_pipeline/02_data_validation.py
    deps:
    - path: Insurance/components/data_validation.py
      hash: md5
      md5: 3795c7b3c6a3c253c4ab355a830587ee
      size: 8896
    - path: Insurance/entity/config_entity.py
      hash: md5
      md5: 01ddb6cad040b85e1d2ae0637e074432
      size: 6144
    - path: Insurance/pipeline/training_pipeline/02_data_validation.py
      hash: md5
      md5: 06a5802a6eef984a6c7ee574ed4b3d80
      size: 1877
    - path: artifact/data_ingestion/
      hash: md5
      md5: 5b662911236b7d0416e104073bb0f4f5.dir
      size: 334256
      nfiles: 4
    - path: config/config.yaml
      hash: md5
      md5: e2dc5b8826787095a09d3355112e0fac
      size: 1122
    outs:
    - path: artifact/data_validation/
      hash: md5
      md5: 4bf64d085c58fcdf8c54c0396cfd36a2.dir
      size: 103268
      nfiles: 2
  data_transformation_stage:
    cmd: python Insurance/pipeline/training_pipeline/03_data_transformation.py
    deps:
    - path: Insurance/components/data_transformation.py
      hash: md5
      md5: e05110f17f200aa8d21313bc7ab53431
      size: 4881
    - path: Insurance/pipeline/training_pipeline/03_data_transformation.py
      hash: md5
      md5: b4c829e8fd7441826cdd8aed282c8504
      size: 1860
    - path: artifact/data_validation/
      hash: md5
      md5: 4bf64d085c58fcdf8c54c0396cfd36a2.dir
      size: 103268
      nfiles: 2
    - path: config/config.yaml
      hash: md5
      md5: e2dc5b8826787095a09d3355112e0fac
      size: 1122
    outs:
    - path: artifact/data_transformation/
      hash: md5
      md5: a6e223e6158615d32b4bb15be73e250e.dir
      size: 259396
      nfiles: 5
  param_optimisation_stage:
    cmd: python Insurance/pipeline/training_pipeline/04_param_optimisation.py
    deps:
    - path: Insurance/components/paramter_optimize.py
      hash: md5
      md5: 53387715854793e72d6fc6de7b76a24b
      size: 6695
    - path: Insurance/pipeline/training_pipeline/04_param_optimisation.py
      hash: md5
      md5: 83e39f35a6bd6227989117567c74a9ca
      size: 2688
    - path: artifact/data_transformation/
      hash: md5
      md5: a6e223e6158615d32b4bb15be73e250e.dir
      size: 259396
      nfiles: 5
    - path: config/config.yaml
      hash: md5
      md5: e2dc5b8826787095a09d3355112e0fac
      size: 1122
    outs:
    - path: artifact/param_op/
      hash: md5
      md5: b76a7e8723b44510049c67cb2fe2fceb.dir
      size: 161
      nfiles: 1
  model_trainer_stage:
    cmd: python Insurance/pipeline/training_pipeline/05_model_trainer.py
    deps:
    - path: Insurance/components/model_trainer.py
      hash: md5
      md5: 6dd74231b6e9fe4ff36579b80379c0f8
      size: 5744
    - path: Insurance/pipeline/training_pipeline/05_model_trainer.py
      hash: md5
      md5: c6c61de92af1d91fbd14ab4505ee4f63
      size: 2765
    - path: artifact/data_transformation/
      hash: md5
      md5: a6e223e6158615d32b4bb15be73e250e.dir
      size: 259396
      nfiles: 5
    - path: config/config.yaml
      hash: md5
      md5: e2dc5b8826787095a09d3355112e0fac
      size: 1122
    - path: params.yaml
      hash: md5
      md5: e4de11f560b7d62a68a9f67fc8364ecb
      size: 161
    params:
      params.yaml:
        Experiment: Experiment_02
        Parameters.learning_rate: 0.1
        Parameters.max_depth: 7
        Parameters.n_estimators: 200
    outs:
    - path: artifact/model_training/
      hash: md5
      md5: 678c6e0fcdfb0e22e134e0e3f426c208.dir
      size: 2521998
      nfiles: 2
  model_evaluation_stage:
    cmd: python Insurance/pipeline/training_pipeline/06_model_evaluation.py
    deps:
    - path: Insurance/components/model_evaluation.py
      hash: md5
      md5: 541fd42e31a18197a6bb6fb08393ec64
      size: 6781
    - path: Insurance/pipeline/training_pipeline/06_model_evaluation.py
      hash: md5
      md5: f354c9a4233daebdbb10959a1316878b
      size: 1829
    - path: artifact/model_training/
      hash: md5
      md5: 678c6e0fcdfb0e22e134e0e3f426c208.dir
      size: 2521998
      nfiles: 2
    - path: config/config.yaml
      hash: md5
      md5: e2dc5b8826787095a09d3355112e0fac
      size: 1122
    outs:
    - path: artifact/model_evaluation/
      hash: md5
      md5: 64836a1d5a022efcc221b97a589a4f3b.dir
      size: 344
      nfiles: 1
  model_pusher_stage:
    cmd: python Insurance/pipeline/training_pipeline/07_model_pusher.py
    deps:
    - path: Insurance/components/model_pusher.py
      hash: md5
      md5: 3e03b0e601c65d76ffd1c312156098d3
      size: 4240
    - path: Insurance/pipeline/training_pipeline/07_model_pusher.py
      hash: md5
      md5: 9ad2591dbe786dfda4a184b0556f714e
      size: 1581
    - path: artifact/model_evaluation/
      hash: md5
      md5: 64836a1d5a022efcc221b97a589a4f3b.dir
      size: 344
      nfiles: 1
    - path: artifact/model_training/
      hash: md5
      md5: 678c6e0fcdfb0e22e134e0e3f426c208.dir
      size: 2521998
      nfiles: 2
    - path: config/config.yaml
      hash: md5
      md5: e2dc5b8826787095a09d3355112e0fac
      size: 1122
