schema: '2.0'
stages:
  data_ingestion_stage:
    cmd: python Insurance/pipeline/training_pipeline/01_data_ingestion.py
    deps:
    - path: Insurance/components/data_ingestion.py
      hash: md5
      md5: e2b0a76fb8ee5dc4a84a02c98fbb63cc
      size: 4586
    - path: Insurance/entity/artifact_entity.py
      hash: md5
      md5: 6b8db92320d2769239703cc1d6ef3286
      size: 746
    - path: Insurance/entity/config_entity.py
      hash: md5
      md5: 01ddb6cad040b85e1d2ae0637e074432
      size: 6144
    - path: Insurance/pipeline/training_pipeline/01_data_ingestion.py
      hash: md5
      md5: c913a6376943be00960bd1d5c22bf691
      size: 977
    - path: config/config.yaml
      hash: md5
      md5: e2dc5b8826787095a09d3355112e0fac
      size: 1122
    outs:
    - path: artifact/data_ingestion/
      hash: md5
      md5: 234ac787b57d7ffc6613f05292e67a90.dir
      size: 334256
      nfiles: 4
  data_validation_stage:
    cmd: python Insurance/pipeline/training_pipeline/02_data_validation.py
    deps:
    - path: Insurance/components/data_validation.py
      hash: md5
      md5: 3795c7b3c6a3c253c4ab355a830587ee
      size: 8896
    - path: Insurance/entity/config_entity.py
      hash: md5
      md5: 01ddb6cad040b85e1d2ae0637e074432
      size: 6144
    - path: Insurance/pipeline/training_pipeline/02_data_validation.py
      hash: md5
      md5: 06a5802a6eef984a6c7ee574ed4b3d80
      size: 1877
    - path: artifact/data_ingestion/
      hash: md5
      md5: 234ac787b57d7ffc6613f05292e67a90.dir
      size: 334256
      nfiles: 4
    - path: config/config.yaml
      hash: md5
      md5: e2dc5b8826787095a09d3355112e0fac
      size: 1122
    outs:
    - path: artifact/data_validation/
      hash: md5
      md5: d9565579821fa7ee8505ed5e02450a95.dir
      size: 103268
      nfiles: 2
  data_transformation_stage:
    cmd: python Insurance/pipeline/training_pipeline/03_data_transformation.py
    deps:
    - path: Insurance/components/data_transformation.py
      hash: md5
      md5: e05110f17f200aa8d21313bc7ab53431
      size: 4881
    - path: Insurance/pipeline/training_pipeline/03_data_transformation.py
      hash: md5
      md5: b4c829e8fd7441826cdd8aed282c8504
      size: 1860
    - path: artifact/data_validation/
      hash: md5
      md5: d9565579821fa7ee8505ed5e02450a95.dir
      size: 103268
      nfiles: 2
    - path: config/config.yaml
      hash: md5
      md5: e2dc5b8826787095a09d3355112e0fac
      size: 1122
    outs:
    - path: artifact/data_transformation/
      hash: md5
      md5: 3c5b87851810e34b962192a765abb860.dir
      size: 259396
      nfiles: 5
  param_optimisation_stage:
    cmd: python Insurance/pipeline/training_pipeline/04_param_optimisation.py
    deps:
    - path: Insurance/components/paramter_optimize.py
      hash: md5
      md5: 76dc91aed86c033c16c59fdd76b51779
      size: 6696
    - path: Insurance/pipeline/training_pipeline/04_param_optimisation.py
      hash: md5
      md5: 83e39f35a6bd6227989117567c74a9ca
      size: 2688
    - path: artifact/data_transformation/
      hash: md5
      md5: 3c5b87851810e34b962192a765abb860.dir
      size: 259396
      nfiles: 5
    - path: config/config.yaml
      hash: md5
      md5: e2dc5b8826787095a09d3355112e0fac
      size: 1122
    outs:
    - path: artifact/param_op/
      hash: md5
      md5: b76a7e8723b44510049c67cb2fe2fceb.dir
      size: 161
      nfiles: 1
  model_trainer_stage:
    cmd: python Insurance/pipeline/training_pipeline/05_model_trainer.py
    deps:
    - path: Insurance/components/model_trainer.py
      hash: md5
      md5: 20383050ea0fd8c30af106872a16b6eb
      size: 5768
    - path: Insurance/pipeline/training_pipeline/05_model_trainer.py
      hash: md5
      md5: c6c61de92af1d91fbd14ab4505ee4f63
      size: 2765
    - path: artifact/data_transformation/
      hash: md5
      md5: 3c5b87851810e34b962192a765abb860.dir
      size: 259396
      nfiles: 5
    - path: config/config.yaml
      hash: md5
      md5: e2dc5b8826787095a09d3355112e0fac
      size: 1122
    - path: params.yaml
      hash: md5
      md5: 0ef2d6d71e642df767cdc573f8989786
      size: 161
    params:
      params.yaml:
        Experiment: Experiment_00
        Parameters.learning_rate: 0.1
        Parameters.max_depth: 7
        Parameters.n_estimators: 200
    outs:
    - path: artifact/model_training/
      hash: md5
      md5: fd83fff7cdd49ef02f28f676d32e4ec1.dir
      size: 2495649
      nfiles: 2
  model_evaluation_stage:
    cmd: python Insurance/pipeline/training_pipeline/06_model_evaluation.py
    deps:
    - path: Insurance/components/model_evaluation.py
      hash: md5
      md5: c190bf611f709094b39cc238c208fa20
      size: 6660
    - path: Insurance/pipeline/training_pipeline/06_model_evaluation.py
      hash: md5
      md5: f354c9a4233daebdbb10959a1316878b
      size: 1829
    - path: artifact/model_training/
      hash: md5
      md5: fd83fff7cdd49ef02f28f676d32e4ec1.dir
      size: 2495649
      nfiles: 2
    - path: config/config.yaml
      hash: md5
      md5: e2dc5b8826787095a09d3355112e0fac
      size: 1122
    outs:
    - path: artifact/model_evaluation/
      hash: md5
      md5: e3d014150b75d99f24d39057ed7ebfd0.dir
      size: 321
      nfiles: 1
  model_pusher_stage:
    cmd: python Insurance/pipeline/training_pipeline/07_model_pusher.py
    deps:
    - path: Insurance/components/model_pusher.py
      hash: md5
      md5: 5bd37ab3189dabea75f3a12d4a3cadc6
      size: 2685
    - path: Insurance/pipeline/training_pipeline/07_model_pusher.py
      hash: md5
      md5: 9ad2591dbe786dfda4a184b0556f714e
      size: 1581
    - path: artifact/model_evaluation/
      hash: md5
      md5: e3d014150b75d99f24d39057ed7ebfd0.dir
      size: 321
      nfiles: 1
    - path: artifact/model_training/
      hash: md5
      md5: fd83fff7cdd49ef02f28f676d32e4ec1.dir
      size: 2495649
      nfiles: 2
    - path: config/config.yaml
      hash: md5
      md5: e2dc5b8826787095a09d3355112e0fac
      size: 1122
