schema: '2.0'
stages:
  data_ingestion_stage:
    cmd: python Insurance/pipeline/training_pipeline/01_data_ingestion.py
    deps:
    - path: Insurance/components/data_ingestion.py
      hash: md5
      md5: e2b0a76fb8ee5dc4a84a02c98fbb63cc
      size: 4586
    - path: Insurance/entity/artifact_entity.py
      hash: md5
      md5: 6b8db92320d2769239703cc1d6ef3286
      size: 746
    - path: Insurance/entity/config_entity.py
      hash: md5
      md5: 01ddb6cad040b85e1d2ae0637e074432
      size: 6144
    - path: Insurance/pipeline/training_pipeline/01_data_ingestion.py
      hash: md5
      md5: c913a6376943be00960bd1d5c22bf691
      size: 977
    - path: config/config.yaml
      hash: md5
      md5: 231033e848fbcc9dd908d04347b34ccf
      size: 1120
    outs:
    - path: artifact/data_ingestion/
      hash: md5
      md5: 5b662911236b7d0416e104073bb0f4f5.dir
      size: 334256
      nfiles: 4
  data_validation_stage:
    cmd: python Insurance/pipeline/training_pipeline/02_data_validation.py
    deps:
    - path: Insurance/components/data_validation.py
      hash: md5
      md5: 3795c7b3c6a3c253c4ab355a830587ee
      size: 8896
    - path: Insurance/entity/config_entity.py
      hash: md5
      md5: 01ddb6cad040b85e1d2ae0637e074432
      size: 6144
    - path: Insurance/pipeline/training_pipeline/02_data_validation.py
      hash: md5
      md5: 06a5802a6eef984a6c7ee574ed4b3d80
      size: 1877
    - path: artifact/data_ingestion/
      hash: md5
      md5: 5b662911236b7d0416e104073bb0f4f5.dir
      size: 334256
      nfiles: 4
    - path: config/config.yaml
      hash: md5
      md5: 231033e848fbcc9dd908d04347b34ccf
      size: 1120
    outs:
    - path: artifact/data_validation/
      hash: md5
      md5: 4bf64d085c58fcdf8c54c0396cfd36a2.dir
      size: 103268
      nfiles: 2
  data_transformation_stage:
    cmd: python Insurance/pipeline/training_pipeline/03_data_transformation.py
    deps:
    - path: Insurance/components/data_transformation.py
      hash: md5
      md5: e05110f17f200aa8d21313bc7ab53431
      size: 4881
    - path: Insurance/pipeline/training_pipeline/03_data_transformation.py
      hash: md5
      md5: b4c829e8fd7441826cdd8aed282c8504
      size: 1860
    - path: artifact/data_validation/
      hash: md5
      md5: 4bf64d085c58fcdf8c54c0396cfd36a2.dir
      size: 103268
      nfiles: 2
    - path: config/config.yaml
      hash: md5
      md5: 231033e848fbcc9dd908d04347b34ccf
      size: 1120
    outs:
    - path: artifact/data_transformation/
      hash: md5
      md5: a6e223e6158615d32b4bb15be73e250e.dir
      size: 259396
      nfiles: 5
  param_optimisation_stage:
    cmd: python Insurance/pipeline/training_pipeline/04_param_optimisation.py
    deps:
    - path: Insurance/components/paramter_optimize.py
      hash: md5
      md5: d8778deb9d4ab2639d07bfa5c913c858
      size: 6496
    - path: Insurance/pipeline/training_pipeline/04_param_optimisation.py
      hash: md5
      md5: 83e39f35a6bd6227989117567c74a9ca
      size: 2688
    - path: artifact/data_transformation/
      hash: md5
      md5: a6e223e6158615d32b4bb15be73e250e.dir
      size: 259396
      nfiles: 5
    - path: config/config.yaml
      hash: md5
      md5: 231033e848fbcc9dd908d04347b34ccf
      size: 1120
    outs:
    - path: artifact/param_op/
      hash: md5
      md5: 3abfa10398f3e82c61a4b3303d1fde5c.dir
      size: 114
      nfiles: 1
  model_trainer_stage:
    cmd: python Insurance/pipeline/training_pipeline/05_model_trainer.py
    deps:
    - path: Insurance/components/model_trainer.py
      hash: md5
      md5: 156644ac7edf0905e41d0c6a03d5c3d4
      size: 5568
    - path: Insurance/pipeline/training_pipeline/05_model_trainer.py
      hash: md5
      md5: c6c61de92af1d91fbd14ab4505ee4f63
      size: 2765
    - path: artifact/data_transformation/
      hash: md5
      md5: a6e223e6158615d32b4bb15be73e250e.dir
      size: 259396
      nfiles: 5
    - path: config/config.yaml
      hash: md5
      md5: 231033e848fbcc9dd908d04347b34ccf
      size: 1120
    params:
      params.yaml:
        Parameters.learning_rate: 0.1
        Parameters.max_depth: 7
        Parameters.n_estimators: 150
    outs:
    - path: artifact/model_training/
      hash: md5
      md5: 08c8d5169cff895ec64218059f392751.dir
      size: 1939373
      nfiles: 2
  model_evaluation_stage:
    cmd: python Insurance/pipeline/training_pipeline/06_model_evaluation.py
    deps:
    - path: Insurance/components/model_evaluation.py
      hash: md5
      md5: 541fd42e31a18197a6bb6fb08393ec64
      size: 6781
    - path: Insurance/pipeline/training_pipeline/06_model_evaluation.py
      hash: md5
      md5: f354c9a4233daebdbb10959a1316878b
      size: 1829
    - path: artifact/model_training/
      hash: md5
      md5: 08c8d5169cff895ec64218059f392751.dir
      size: 1939373
      nfiles: 2
    - path: config/config.yaml
      hash: md5
      md5: 231033e848fbcc9dd908d04347b34ccf
      size: 1120
    outs:
    - path: artifact/model_evaluation/
      hash: md5
      md5: 4f5d78d8fc23e17bf216d3985cace6da.dir
      size: 344
      nfiles: 1
  model_pusher_stage:
    cmd: python Insurance/pipeline/training_pipeline/07_model_pusher.py
    deps:
    - path: Insurance/components/model_pusher.py
      hash: md5
      md5: d8f7029b16aa47fec0b0df89bc8d3d9c
      size: 3102
    - path: Insurance/pipeline/training_pipeline/07_model_pusher.py
      hash: md5
      md5: db0b60d7c16ab5e27678160a954d8241
      size: 1623
    - path: artifact/model_evaluation/
      hash: md5
      md5: 4f5d78d8fc23e17bf216d3985cace6da.dir
      size: 344
      nfiles: 1
    - path: artifact/model_training/
      hash: md5
      md5: 08c8d5169cff895ec64218059f392751.dir
      size: 1939373
      nfiles: 2
    - path: config/config.yaml
      hash: md5
      md5: 231033e848fbcc9dd908d04347b34ccf
      size: 1120
